
Microsoft Visual Studio Solution File, Format Version 12.00
# Visual Studio 15
VisualStudioVersion = 15.0.27703.2035
MinimumVisualStudioVersion = 10.0.40219.1
Project("{FAE04EC0-301F-11D3-BF4B-00C04F79EFBC}") = "solutionApp", "solutionApp\solutionApp.csproj", "{5A168A15-35F8-431D-96EF-E0C9E6388542}"
EndProject
Project("{FAE04EC0-301F-11D3-BF4B-00C04F79EFBC}") = "SiteVeiculo", "SiteVeiculo\SiteVeiculo.csproj", "{B0127B42-583B-4935-A7FD-C5BC586A2EA1}"
EndProject
Global
	GlobalSection(SolutionConfigurationPlatforms) = preSolution
		Debug|Any CPU = Debug|Any CPU
		Release|Any CPU = Release|Any CPU
	EndGlobalSection
	GlobalSection(ProjectConfigurationPlatforms) = postSolution
		{5A168A15-35F8-431D-96EF-E0C9E6388542}.Debug|Any CPU.ActiveCfg = Debug|Any CPU
		{5A168A15-35F8-431D-96EF-E0C9E6388542}.Debug|Any CPU.Build.0 = Debug|Any CPU
		{5A168A15-35F8-431D-96EF-E0C9E6388542}.Release|Any CPU.ActiveCfg = Release|Any CPU
		{5A168A15-35F8-431D-96EF-E0C9E6388542}.Release|Any CPU.Build.0 = Release|Any CPU
		{B0127B42-583B-4935-A7FD-C5BC586A2EA1}.Debug|Any CPU.ActiveCfg = Debug|Any CPU
		{B0127B42-583B-4935-A7FD-C5BC586A2EA1}.Debug|Any CPU.Build.0 = Debug|Any CPU
		{B0127B42-583B-4935-A7FD-C5BC586A2EA1}.Release|Any CPU.ActiveCfg = Release|Any CPU
		{B0127B42-583B-4935-A7FD-C5BC586A2EA1}.Release|Any CPU.Build.0 = Release|Any CPU
	EndGlobalSection
	GlobalSection(SolutionProperties) = preSolution
		HideSolutionNode = FALSE
	EndGlobalSection
	GlobalSection(ExtensibilityGlobals) = postSolution
		SolutionGuid = {1A5478AB-105F-4683-9ECB-B19136C3DF6A}
	EndGlobalSection
EndGlobal
